
Microsoft Visual Studio Solution File, Format Version 12.00
# Visual Studio 2017
Project("{FAE04EC0-301F-11D3-BF4B-00C04F79EFBC}") = "Aimless SP", "Aimless SP.csproj", "{96E5FE95-F758-2277-1B36-3C7465876846}"
EndProject
Global
	GlobalSection(SolutionConfigurationPlatforms) = preSolution
		Debug|Any CPU = Debug|Any CPU
		Release|Any CPU = Release|Any CPU
	EndGlobalSection
	GlobalSection(ProjectConfigurationPlatforms) = postSolution
		{96E5FE95-F758-2277-1B36-3C7465876846}.Debug|Any CPU.ActiveCfg = Debug|Any CPU
		{96E5FE95-F758-2277-1B36-3C7465876846}.Debug|Any CPU.Build.0 = Debug|Any CPU
		{96E5FE95-F758-2277-1B36-3C7465876846}.Release|Any CPU.ActiveCfg = Release|Any CPU
		{96E5FE95-F758-2277-1B36-3C7465876846}.Release|Any CPU.Build.0 = Release|Any CPU
	EndGlobalSection
	GlobalSection(SolutionProperties) = preSolution
		HideSolutionNode = FALSE
	EndGlobalSection
EndGlobal
